// !$*UTF8*$!
{
	archiveVersion = 1;
	classes = {
	};
	objectVersion = 50;
	objects = {

/* Begin PBXBuildFile section */
		21892BC124E4842300C85D76 /* matchingcardsApp.swift in Sources */ = {isa = PBXBuildFile; fileRef = 21892BC024E4842300C85D76 /* matchingcardsApp.swift */; };
		21892BC324E4842300C85D76 /* ContentView.swift in Sources */ = {isa = PBXBuildFile; fileRef = 21892BC224E4842300C85D76 /* ContentView.swift */; };
		21892BC524E4842400C85D76 /* Assets.xcassets in Resources */ = {isa = PBXBuildFile; fileRef = 21892BC424E4842400C85D76 /* Assets.xcassets */; };
		21892BC824E4842400C85D76 /* Preview Assets.xcassets in Resources */ = {isa = PBXBuildFile; fileRef = 21892BC724E4842400C85D76 /* Preview Assets.xcassets */; };
		21892BD324E4842500C85D76 /* matchingcardsTests.swift in Sources */ = {isa = PBXBuildFile; fileRef = 21892BD224E4842500C85D76 /* matchingcardsTests.swift */; };
		21892BDE24E4842500C85D76 /* matchingcardsUITests.swift in Sources */ = {isa = PBXBuildFile; fileRef = 21892BDD24E4842500C85D76 /* matchingcardsUITests.swift */; };
/* End PBXBuildFile section */

/* Begin PBXContainerItemProxy section */
		21892BCF24E4842500C85D76 /* PBXContainerItemProxy */ = {
			isa = PBXContainerItemProxy;
			containerPortal = 21892BB524E4842300C85D76 /* Project object */;
			proxyType = 1;
			remoteGlobalIDString = 21892BBC24E4842300C85D76;
			remoteInfo = matchingcards;
		};
		21892BDA24E4842500C85D76 /* PBXContainerItemProxy */ = {
			isa = PBXContainerItemProxy;
			containerPortal = 21892BB524E4842300C85D76 /* Project object */;
			proxyType = 1;
			remoteGlobalIDString = 21892BBC24E4842300C85D76;
			remoteInfo = matchingcards;
		};
/* End PBXContainerItemProxy section */

/* Begin PBXFileReference section */
		21892BBD24E4842300C85D76 /* matchingcards.app */ = {isa = PBXFileReference; explicitFileType = wrapper.application; includeInIndex = 0; path = matchingcards.app; sourceTree = BUILT_PRODUCTS_DIR; };
		21892BC024E4842300C85D76 /* matchingcardsApp.swift */ = {isa = PBXFileReference; lastKnownFileType = sourcecode.swift; path = matchingcardsApp.swift; sourceTree = "<group>"; };
		21892BC224E4842300C85D76 /* ContentView.swift */ = {isa = PBXFileReference; lastKnownFileType = sourcecode.swift; path = ContentView.swift; sourceTree = "<group>"; };
		21892BC424E4842400C85D76 /* Assets.xcassets */ = {isa = PBXFileReference; lastKnownFileType = folder.assetcatalog; path = Assets.xcassets; sourceTree = "<group>"; };
		21892BC724E4842400C85D76 /* Preview Assets.xcassets */ = {isa = PBXFileReference; lastKnownFileType = folder.assetcatalog; path = "Preview Assets.xcassets"; sourceTree = "<group>"; };
		21892BC924E4842500C85D76 /* Info.plist */ = {isa = PBXFileReference; lastKnownFileType = text.plist.xml; path = Info.plist; sourceTree = "<group>"; };
		21892BCE24E4842500C85D76 /* matchingcardsTests.xctest */ = {isa = PBXFileReference; explicitFileType = wrapper.cfbundle; includeInIndex = 0; path = matchingcardsTests.xctest; sourceTree = BUILT_PRODUCTS_DIR; };
		21892BD224E4842500C85D76 /* matchingcardsTests.swift */ = {isa = PBXFileReference; lastKnownFileType = sourcecode.swift; path = matchingcardsTests.swift; sourceTree = "<group>"; };
		21892BD424E4842500C85D76 /* Info.plist */ = {isa = PBXFileReference; lastKnownFileType = text.plist.xml; path = Info.plist; sourceTree = "<group>"; };
		21892BD924E4842500C85D76 /* matchingcardsUITests.xctest */ = {isa = PBXFileReference; explicitFileType = wrapper.cfbundle; includeInIndex = 0; path = matchingcardsUITests.xctest; sourceTree = BUILT_PRODUCTS_DIR; };
		21892BDD24E4842500C85D76 /* matchingcardsUITests.swift */ = {isa = PBXFileReference; lastKnownFileType = sourcecode.swift; path = matchingcardsUITests.swift; sourceTree = "<group>"; };
		21892BDF24E4842500C85D76 /* Info.plist */ = {isa = PBXFileReference; lastKnownFileType = text.plist.xml; path = Info.plist; sourceTree = "<group>"; };
/* End PBXFileReference section */

/* Begin PBXFrameworksBuildPhase section */
		21892BBA24E4842300C85D76 /* Frameworks */ = {
			isa = PBXFrameworksBuildPhase;
			buildActionMask = 2147483647;
			files = (
			);
			runOnlyForDeploymentPostprocessing = 0;
		};
		21892BCB24E4842500C85D76 /* Frameworks */ = {
			isa = PBXFrameworksBuildPhase;
			buildActionMask = 2147483647;
			files = (
			);
			runOnlyForDeploymentPostprocessing = 0;
		};
		21892BD624E4842500C85D76 /* Frameworks */ = {
			isa = PBXFrameworksBuildPhase;
			buildActionMask = 2147483647;
			files = (
			);
			runOnlyForDeploymentPostprocessing = 0;
		};
/* End PBXFrameworksBuildPhase section */

/* Begin PBXGroup section */
		21892BB424E4842300C85D76 = {
			isa = PBXGroup;
			children = (
				21892BBF24E4842300C85D76 /* matchingcards */,
				21892BD124E4842500C85D76 /* matchingcardsTests */,
				21892BDC24E4842500C85D76 /* matchingcardsUITests */,
				21892BBE24E4842300C85D76 /* Products */,
			);
			sourceTree = "<group>";
		};
		21892BBE24E4842300C85D76 /* Products */ = {
			isa = PBXGroup;
			children = (
				21892BBD24E4842300C85D76 /* matchingcards.app */,
				21892BCE24E4842500C85D76 /* matchingcardsTests.xctest */,
				21892BD924E4842500C85D76 /* matchingcardsUITests.xctest */,
			);
			name = Products;
			sourceTree = "<group>";
		};
		21892BBF24E4842300C85D76 /* matchingcards */ = {
			isa = PBXGroup;
			children = (
				21892BC024E4842300C85D76 /* matchingcardsApp.swift */,
				21892BC224E4842300C85D76 /* ContentView.swift */,
				21892BC424E4842400C85D76 /* Assets.xcassets */,
				21892BC924E4842500C85D76 /* Info.plist */,
				21892BC624E4842400C85D76 /* Preview Content */,
			);
			path = matchingcards;
			sourceTree = "<group>";
		};
		21892BC624E4842400C85D76 /* Preview Content */ = {
			isa = PBXGroup;
			children = (
				21892BC724E4842400C85D76 /* Preview Assets.xcassets */,
			);
			path = "Preview Content";
			sourceTree = "<group>";
		};
		21892BD124E4842500C85D76 /* matchingcardsTests */ = {
			isa = PBXGroup;
			children = (
				21892BD224E4842500C85D76 /* matchingcardsTests.swift */,
				21892BD424E4842500C85D76 /* Info.plist */,
			);
			path = matchingcardsTests;
			sourceTree = "<group>";
		};
		21892BDC24E4842500C85D76 /* matchingcardsUITests */ = {
			isa = PBXGroup;
			children = (
				21892BDD24E4842500C85D76 /* matchingcardsUITests.swift */,
				21892BDF24E4842500C85D76 /* Info.plist */,
			);
			path = matchingcardsUITests;
			sourceTree = "<group>";
		};
/* End PBXGroup section */

/* Begin PBXNativeTarget section */
		21892BBC24E4842300C85D76 /* matchingcards */ = {
			isa = PBXNativeTarget;
			buildConfigurationList = 21892BE224E4842500C85D76 /* Build configuration list for PBXNativeTarget "matchingcards" */;
			buildPhases = (
				21892BB924E4842300C85D76 /* Sources */,
				21892BBA24E4842300C85D76 /* Frameworks */,
				21892BBB24E4842300C85D76 /* Resources */,
			);
			buildRules = (
			);
			dependencies = (
			);
			name = matchingcards;
			productName = matchingcards;
			productReference = 21892BBD24E4842300C85D76 /* matchingcards.app */;
			productType = "com.apple.product-type.application";
		};
		21892BCD24E4842500C85D76 /* matchingcardsTests */ = {
			isa = PBXNativeTarget;
			buildConfigurationList = 21892BE524E4842500C85D76 /* Build configuration list for PBXNativeTarget "matchingcardsTests" */;
			buildPhases = (
				21892BCA24E4842500C85D76 /* Sources */,
				21892BCB24E4842500C85D76 /* Frameworks */,
				21892BCC24E4842500C85D76 /* Resources */,
			);
			buildRules = (
			);
			dependencies = (
				21892BD024E4842500C85D76 /* PBXTargetDependency */,
			);
			name = matchingcardsTests;
			productName = matchingcardsTests;
			productReference = 21892BCE24E4842500C85D76 /* matchingcardsTests.xctest */;
			productType = "com.apple.product-type.bundle.unit-test";
		};
		21892BD824E4842500C85D76 /* matchingcardsUITests */ = {
			isa = PBXNativeTarget;
			buildConfigurationList = 21892BE824E4842500C85D76 /* Build configuration list for PBXNativeTarget "matchingcardsUITests" */;
			buildPhases = (
				21892BD524E4842500C85D76 /* Sources */,
				21892BD624E4842500C85D76 /* Frameworks */,
				21892BD724E4842500C85D76 /* Resources */,
			);
			buildRules = (
			);
			dependencies = (
				21892BDB24E4842500C85D76 /* PBXTargetDependency */,
			);
			name = matchingcardsUITests;
			productName = matchingcardsUITests;
			productReference = 21892BD924E4842500C85D76 /* matchingcardsUITests.xctest */;
			productType = "com.apple.product-type.bundle.ui-testing";
		};
/* End PBXNativeTarget section */

/* Begin PBXProject section */
		21892BB524E4842300C85D76 /* Project object */ = {
			isa = PBXProject;
			attributes = {
				LastSwiftUpdateCheck = 1200;
				LastUpgradeCheck = 1200;
				TargetAttributes = {
					21892BBC24E4842300C85D76 = {
						CreatedOnToolsVersion = 12.0;
					};
					21892BCD24E4842500C85D76 = {
						CreatedOnToolsVersion = 12.0;
						TestTargetID = 21892BBC24E4842300C85D76;
					};
					21892BD824E4842500C85D76 = {
						CreatedOnToolsVersion = 12.0;
						TestTargetID = 21892BBC24E4842300C85D76;
					};
				};
			};
			buildConfigurationList = 21892BB824E4842300C85D76 /* Build configuration list for PBXProject "matchingcards" */;
			compatibilityVersion = "Xcode 9.3";
			developmentRegion = en;
			hasScannedForEncodings = 0;
			knownRegions = (
				en,
				Base,
			);
			mainGroup = 21892BB424E4842300C85D76;
			productRefGroup = 21892BBE24E4842300C85D76 /* Products */;
			projectDirPath = "";
			projectRoot = "";
			targets = (
				21892BBC24E4842300C85D76 /* matchingcards */,
				21892BCD24E4842500C85D76 /* matchingcardsTests */,
				21892BD824E4842500C85D76 /* matchingcardsUITests */,
			);
		};
/* End PBXProject section */

/* Begin PBXResourcesBuildPhase section */
		21892BBB24E4842300C85D76 /* Resources */ = {
			isa = PBXResourcesBuildPhase;
			buildActionMask = 2147483647;
			files = (
				21892BC824E4842400C85D76 /* Preview Assets.xcassets in Resources */,
				21892BC524E4842400C85D76 /* Assets.xcassets in Resources */,
			);
			runOnlyForDeploymentPostprocessing = 0;
		};
		21892BCC24E4842500C85D76 /* Resources */ = {
			isa = PBXResourcesBuildPhase;
			buildActionMask = 2147483647;
			files = (
			);
			runOnlyForDeploymentPostprocessing = 0;
		};
		21892BD724E4842500C85D76 /* Resources */ = {
			isa = PBXResourcesBuildPhase;
			buildActionMask = 2147483647;
			files = (
			);
			runOnlyForDeploymentPostprocessing = 0;
		};
/* End PBXResourcesBuildPhase section */

/* Begin PBXSourcesBuildPhase section */
		21892BB924E4842300C85D76 /* Sources */ = {
			isa = PBXSourcesBuildPhase;
			buildActionMask = 2147483647;
			files = (
				21892BC324E4842300C85D76 /* ContentView.swift in Sources */,
				21892BC124E4842300C85D76 /* matchingcardsApp.swift in Sources */,
			);
			runOnlyForDeploymentPostprocessing = 0;
		};
		21892BCA24E4842500C85D76 /* Sources */ = {
			isa = PBXSourcesBuildPhase;
			buildActionMask = 2147483647;
			files = (
				21892BD324E4842500C85D76 /* matchingcardsTests.swift in Sources */,
			);
			runOnlyForDeploymentPostprocessing = 0;
		};
		21892BD524E4842500C85D76 /* Sources */ = {
			isa = PBXSourcesBuildPhase;
			buildActionMask = 2147483647;
			files = (
				21892BDE24E4842500C85D76 /* matchingcardsUITests.swift in Sources */,
			);
			runOnlyForDeploymentPostprocessing = 0;
		};
/* End PBXSourcesBuildPhase section */

/* Begin PBXTargetDependency section */
		21892BD024E4842500C85D76 /* PBXTargetDependency */ = {
			isa = PBXTargetDependency;
			target = 21892BBC24E4842300C85D76 /* matchingcards */;
			targetProxy = 21892BCF24E4842500C85D76 /* PBXContainerItemProxy */;
		};
		21892BDB24E4842500C85D76 /* PBXTargetDependency */ = {
			isa = PBXTargetDependency;
			target = 21892BBC24E4842300C85D76 /* matchingcards */;
			targetProxy = 21892BDA24E4842500C85D76 /* PBXContainerItemProxy */;
		};
/* End PBXTargetDependency section */

/* Begin XCBuildConfiguration section */
		21892BE024E4842500C85D76 /* Debug */ = {
			isa = XCBuildConfiguration;
			buildSettings = {
				ALWAYS_SEARCH_USER_PATHS = NO;
				CLANG_ANALYZER_NONNULL = YES;
				CLANG_ANALYZER_NUMBER_OBJECT_CONVERSION = YES_AGGRESSIVE;
				CLANG_CXX_LANGUAGE_STANDARD = "gnu++14";
				CLANG_CXX_LIBRARY = "libc++";
				CLANG_ENABLE_MODULES = YES;
				CLANG_ENABLE_OBJC_ARC = YES;
				CLANG_ENABLE_OBJC_WEAK = YES;
				CLANG_WARN_BLOCK_CAPTURE_AUTORELEASING = YES;
				CLANG_WARN_BOOL_CONVERSION = YES;
				CLANG_WARN_COMMA = YES;
				CLANG_WARN_CONSTANT_CONVERSION = YES;
				CLANG_WARN_DEPRECATED_OBJC_IMPLEMENTATIONS = YES;
				CLANG_WARN_DIRECT_OBJC_ISA_USAGE = YES_ERROR;
				CLANG_WARN_DOCUMENTATION_COMMENTS = YES;
				CLANG_WARN_EMPTY_BODY = YES;
				CLANG_WARN_ENUM_CONVERSION = YES;
				CLANG_WARN_INFINITE_RECURSION = YES;
				CLANG_WARN_INT_CONVERSION = YES;
				CLANG_WARN_NON_LITERAL_NULL_CONVERSION = YES;
				CLANG_WARN_OBJC_IMPLICIT_RETAIN_SELF = YES;
				CLANG_WARN_OBJC_LITERAL_CONVERSION = YES;
				CLANG_WARN_OBJC_ROOT_CLASS = YES_ERROR;
				CLANG_WARN_QUOTED_INCLUDE_IN_FRAMEWORK_HEADER = YES;
				CLANG_WARN_RANGE_LOOP_ANALYSIS = YES;
				CLANG_WARN_STRICT_PROTOTYPES = YES;
				CLANG_WARN_SUSPICIOUS_MOVE = YES;
				CLANG_WARN_UNGUARDED_AVAILABILITY = YES_AGGRESSIVE;
				CLANG_WARN_UNREACHABLE_CODE = YES;
				CLANG_WARN__DUPLICATE_METHOD_MATCH = YES;
				COPY_PHASE_STRIP = NO;
				DEBUG_INFORMATION_FORMAT = dwarf;
				ENABLE_STRICT_OBJC_MSGSEND = YES;
				ENABLE_TESTABILITY = YES;
				GCC_C_LANGUAGE_STANDARD = gnu11;
				GCC_DYNAMIC_NO_PIC = NO;
				GCC_NO_COMMON_BLOCKS = YES;
				GCC_OPTIMIZATION_LEVEL = 0;
				GCC_PREPROCESSOR_DEFINITIONS = (
					"DEBUG=1",
					"$(inherited)",
				);
				GCC_WARN_64_TO_32_BIT_CONVERSION = YES;
				GCC_WARN_ABOUT_RETURN_TYPE = YES_ERROR;
				GCC_WARN_UNDECLARED_SELECTOR = YES;
				GCC_WARN_UNINITIALIZED_AUTOS = YES_AGGRESSIVE;
				GCC_WARN_UNUSED_FUNCTION = YES;
				GCC_WARN_UNUSED_VARIABLE = YES;
				IPHONEOS_DEPLOYMENT_TARGET = 14.0;
				MTL_ENABLE_DEBUG_INFO = INCLUDE_SOURCE;
				MTL_FAST_MATH = YES;
				ONLY_ACTIVE_ARCH = YES;
				SDKROOT = iphoneos;
				SWIFT_ACTIVE_COMPILATION_CONDITIONS = DEBUG;
				SWIFT_OPTIMIZATION_LEVEL = "-Onone";
			};
			name = Debug;
		};
		21892BE124E4842500C85D76 /* Release */ = {
			isa = XCBuildConfiguration;
			buildSettings = {
				ALWAYS_SEARCH_USER_PATHS = NO;
				CLANG_ANALYZER_NONNULL = YES;
				CLANG_ANALYZER_NUMBER_OBJECT_CONVERSION = YES_AGGRESSIVE;
				CLANG_CXX_LANGUAGE_STANDARD = "gnu++14";
				CLANG_CXX_LIBRARY = "libc++";
				CLANG_ENABLE_MODULES = YES;
				CLANG_ENABLE_OBJC_ARC = YES;
				CLANG_ENABLE_OBJC_WEAK = YES;
				CLANG_WARN_BLOCK_CAPTURE_AUTORELEASING = YES;
				CLANG_WARN_BOOL_CONVERSION = YES;
				CLANG_WARN_COMMA = YES;
				CLANG_WARN_CONSTANT_CONVERSION = YES;
				CLANG_WARN_DEPRECATED_OBJC_IMPLEMENTATIONS = YES;
				CLANG_WARN_DIRECT_OBJC_ISA_USAGE = YES_ERROR;
				CLANG_WARN_DOCUMENTATION_COMMENTS = YES;
				CLANG_WARN_EMPTY_BODY = YES;
				CLANG_WARN_ENUM_CONVERSION = YES;
				CLANG_WARN_INFINITE_RECURSION = YES;
				CLANG_WARN_INT_CONVERSION = YES;
				CLANG_WARN_NON_LITERAL_NULL_CONVERSION = YES;
				CLANG_WARN_OBJC_IMPLICIT_RETAIN_SELF = YES;
				CLANG_WARN_OBJC_LITERAL_CONVERSION = YES;
				CLANG_WARN_OBJC_ROOT_CLASS = YES_ERROR;
				CLANG_WARN_QUOTED_INCLUDE_IN_FRAMEWORK_HEADER = YES;
				CLANG_WARN_RANGE_LOOP_ANALYSIS = YES;
				CLANG_WARN_STRICT_PROTOTYPES = YES;
				CLANG_WARN_SUSPICIOUS_MOVE = YES;
				CLANG_WARN_UNGUARDED_AVAILABILITY = YES_AGGRESSIVE;
				CLANG_WARN_UNREACHABLE_CODE = YES;
				CLANG_WARN__DUPLICATE_METHOD_MATCH = YES;
				COPY_PHASE_STRIP = NO;
				DEBUG_INFORMATION_FORMAT = "dwarf-with-dsym";
				ENABLE_NS_ASSERTIONS = NO;
				ENABLE_STRICT_OBJC_MSGSEND = YES;
				GCC_C_LANGUAGE_STANDARD = gnu11;
				GCC_NO_COMMON_BLOCKS = YES;
				GCC_WARN_64_TO_32_BIT_CONVERSION = YES;
				GCC_WARN_ABOUT_RETURN_TYPE = YES_ERROR;
				GCC_WARN_UNDECLARED_SELECTOR = YES;
				GCC_WARN_UNINITIALIZED_AUTOS = YES_AGGRESSIVE;
				GCC_WARN_UNUSED_FUNCTION = YES;
				GCC_WARN_UNUSED_VARIABLE = YES;
				IPHONEOS_DEPLOYMENT_TARGET = 14.0;
				MTL_ENABLE_DEBUG_INFO = NO;
				MTL_FAST_MATH = YES;
				SDKROOT = iphoneos;
				SWIFT_COMPILATION_MODE = wholemodule;
				SWIFT_OPTIMIZATION_LEVEL = "-O";
				VALIDATE_PRODUCT = YES;
			};
			name = Release;
		};
		21892BE324E4842500C85D76 /* Debug */ = {
			isa = XCBuildConfiguration;
			buildSettings = {
				ASSETCATALOG_COMPILER_APPICON_NAME = AppIcon;
				ASSETCATALOG_COMPILER_GLOBAL_ACCENT_COLOR_NAME = AccentColor;
				CODE_SIGN_STYLE = Automatic;
				DEVELOPMENT_ASSET_PATHS = "\"matchingcards/Preview Content\"";
				DEVELOPMENT_TEAM = QG25EZWXDW;
				ENABLE_PREVIEWS = YES;
				INFOPLIST_FILE = matchingcards/Info.plist;
				IPHONEOS_DEPLOYMENT_TARGET = 14.0;
				LD_RUNPATH_SEARCH_PATHS = (
					"$(inherited)",
					"@executable_path/Frameworks",
				);
				PRODUCT_BUNDLE_IDENTIFIER = com.eaideasllc.matchingcards;
				PRODUCT_NAME = "$(TARGET_NAME)";
				SWIFT_VERSION = 5.0;
				TARGETED_DEVICE_FAMILY = "1,2";
			};
			name = Debug;
		};
		21892BE424E4842500C85D76 /* Release */ = {
			isa = XCBuildConfiguration;
			buildSettings = {
				ASSETCATALOG_COMPILER_APPICON_NAME = AppIcon;
				ASSETCATALOG_COMPILER_GLOBAL_ACCENT_COLOR_NAME = AccentColor;
				CODE_SIGN_STYLE = Automatic;
				DEVELOPMENT_ASSET_PATHS = "\"matchingcards/Preview Content\"";
				DEVELOPMENT_TEAM = QG25EZWXDW;
				ENABLE_PREVIEWS = YES;
				INFOPLIST_FILE = matchingcards/Info.plist;
				IPHONEOS_DEPLOYMENT_TARGET = 14.0;
				LD_RUNPATH_SEARCH_PATHS = (
					"$(inherited)",
					"@executable_path/Frameworks",
				);
				PRODUCT_BUNDLE_IDENTIFIER = com.eaideasllc.matchingcards;
				PRODUCT_NAME = "$(TARGET_NAME)";
				SWIFT_VERSION = 5.0;
				TARGETED_DEVICE_FAMILY = "1,2";
			};
			name = Release;
		};
		21892BE624E4842500C85D76 /* Debug */ = {
			isa = XCBuildConfiguration;
			buildSettings = {
				ALWAYS_EMBED_SWIFT_STANDARD_LIBRARIES = YES;
				BUNDLE_LOADER = "$(TEST_HOST)";
				CODE_SIGN_STYLE = Automatic;
				DEVELOPMENT_TEAM = QG25EZWXDW;
				INFOPLIST_FILE = matchingcardsTests/Info.plist;
				IPHONEOS_DEPLOYMENT_TARGET = 14.0;
				LD_RUNPATH_SEARCH_PATHS = (
					"$(inherited)",
					"@executable_path/Frameworks",
					"@loader_path/Frameworks",
				);
				PRODUCT_BUNDLE_IDENTIFIER = com.eaideasllc.matchingcardsTests;
				PRODUCT_NAME = "$(TARGET_NAME)";
				SWIFT_VERSION = 5.0;
				TARGETED_DEVICE_FAMILY = "1,2";
				TEST_HOST = "$(BUILT_PRODUCTS_DIR)/matchingcards.app/matchingcards";
			};
			name = Debug;
		};
		21892BE724E4842500C85D76 /* Release */ = {
			isa = XCBuildConfiguration;
			buildSettings = {
				ALWAYS_EMBED_SWIFT_STANDARD_LIBRARIES = YES;
				BUNDLE_LOADER = "$(TEST_HOST)";
				CODE_SIGN_STYLE = Automatic;
				DEVELOPMENT_TEAM = QG25EZWXDW;
				INFOPLIST_FILE = matchingcardsTests/Info.plist;
				IPHONEOS_DEPLOYMENT_TARGET = 14.0;
				LD_RUNPATH_SEARCH_PATHS = (
					"$(inherited)",
					"@executable_path/Frameworks",
					"@loader_path/Frameworks",
				);
				PRODUCT_BUNDLE_IDENTIFIER = com.eaideasllc.matchingcardsTests;
				PRODUCT_NAME = "$(TARGET_NAME)";
				SWIFT_VERSION = 5.0;
				TARGETED_DEVICE_FAMILY = "1,2";
				TEST_HOST = "$(BUILT_PRODUCTS_DIR)/matchingcards.app/matchingcards";
			};
			name = Release;
		};
		21892BE924E4842500C85D76 /* Debug */ = {
			isa = XCBuildConfiguration;
			buildSettings = {
				ALWAYS_EMBED_SWIFT_STANDARD_LIBRARIES = YES;
				CODE_SIGN_STYLE = Automatic;
				DEVELOPMENT_TEAM = QG25EZWXDW;
				INFOPLIST_FILE = matchingcardsUITests/Info.plist;
				LD_RUNPATH_SEARCH_PATHS = (
					"$(inherited)",
					"@executable_path/Frameworks",
					"@loader_path/Frameworks",
				);
				PRODUCT_BUNDLE_IDENTIFIER = com.eaideasllc.matchingcardsUITests;
				PRODUCT_NAME = "$(TARGET_NAME)";
				SWIFT_VERSION = 5.0;
				TARGETED_DEVICE_FAMILY = "1,2";
				TEST_TARGET_NAME = matchingcards;
			};
			name = Debug;
		};
		21892BEA24E4842500C85D76 /* Release */ = {
			isa = XCBuildConfiguration;
			buildSettings = {
				ALWAYS_EMBED_SWIFT_STANDARD_LIBRARIES = YES;
				CODE_SIGN_STYLE = Automatic;
				DEVELOPMENT_TEAM = QG25EZWXDW;
				INFOPLIST_FILE = matchingcardsUITests/Info.plist;
				LD_RUNPATH_SEARCH_PATHS = (
					"$(inherited)",
					"@executable_path/Frameworks",
					"@loader_path/Frameworks",
				);
				PRODUCT_BUNDLE_IDENTIFIER = com.eaideasllc.matchingcardsUITests;
				PRODUCT_NAME = "$(TARGET_NAME)";
				SWIFT_VERSION = 5.0;
				TARGETED_DEVICE_FAMILY = "1,2";
				TEST_TARGET_NAME = matchingcards;
			};
			name = Release;
		};
/* End XCBuildConfiguration section */

/* Begin XCConfigurationList section */
		21892BB824E4842300C85D76 /* Build configuration list for PBXProject "matchingcards" */ = {
			isa = XCConfigurationList;
			buildConfigurations = (
				21892BE024E4842500C85D76 /* Debug */,
				21892BE124E4842500C85D76 /* Release */,
			);
			defaultConfigurationIsVisible = 0;
			defaultConfigurationName = Release;
		};
		21892BE224E4842500C85D76 /* Build configuration list for PBXNativeTarget "matchingcards" */ = {
			isa = XCConfigurationList;
			buildConfigurations = (
				21892BE324E4842500C85D76 /* Debug */,
				21892BE424E4842500C85D76 /* Release */,
			);
			defaultConfigurationIsVisible = 0;
			defaultConfigurationName = Release;
		};
		21892BE524E4842500C85D76 /* Build configuration list for PBXNativeTarget "matchingcardsTests" */ = {
			isa = XCConfigurationList;
			buildConfigurations = (
				21892BE624E4842500C85D76 /* Debug */,
				21892BE724E4842500C85D76 /* Release */,
			);
			defaultConfigurationIsVisible = 0;
			defaultConfigurationName = Release;
		};
		21892BE824E4842500C85D76 /* Build configuration list for PBXNativeTarget "matchingcardsUITests" */ = {
			isa = XCConfigurationList;
			buildConfigurations = (
				21892BE924E4842500C85D76 /* Debug */,
				21892BEA24E4842500C85D76 /* Release */,
			);
			defaultConfigurationIsVisible = 0;
			defaultConfigurationName = Release;
		};
/* End XCConfigurationList section */
	};
	rootObject = 21892BB524E4842300C85D76 /* Project object */;
}
